PODS:
  - MBMapKitGoogleStyler (0.1.0)

DEPENDENCIES:
  - MBMapKitGoogleStyler (from `../`)

EXTERNAL SOURCES:
  MBMapKitGoogleStyler:
    :path: "../"

SPEC CHECKSUMS:
  MBMapKitGoogleStyler: 4e2349836b78a953a6ed522c2683aa623caa5e29

PODFILE CHECKSUM: 11b1eba700f13334f2bf6e6c6785751e87da6a46

COCOAPODS: 1.5.3
